// !$*UTF8*$!
{
	archiveVersion = 1;
	classes = {
	};
	objectVersion = 77;
	objects = {

/* Begin PBXBuildFile section */
		DB638E852E901968000BC12A /* Clerk in Frameworks */ = {isa = PBXBuildFile; productRef = DB638E682E901876000BC12A /* Clerk */; };
		DB638F232E914C17000BC12A /* Auth in Frameworks */ = {isa = PBXBuildFile; productRef = DB638F222E914C17000BC12A /* Auth */; };
		DB638F252E914C17000BC12A /* Functions in Frameworks */ = {isa = PBXBuildFile; productRef = DB638F242E914C17000BC12A /* Functions */; };
		DB638F272E914C17000BC12A /* PostgREST in Frameworks */ = {isa = PBXBuildFile; productRef = DB638F262E914C17000BC12A /* PostgREST */; };
		DB638F292E914C17000BC12A /* Realtime in Frameworks */ = {isa = PBXBuildFile; productRef = DB638F282E914C17000BC12A /* Realtime */; };
		DB638F2B2E914C17000BC12A /* Storage in Frameworks */ = {isa = PBXBuildFile; productRef = DB638F2A2E914C17000BC12A /* Storage */; };
		DB638F2D2E914C17000BC12A /* Supabase in Frameworks */ = {isa = PBXBuildFile; productRef = DB638F2C2E914C17000BC12A /* Supabase */; };
/* End PBXBuildFile section */

/* Begin PBXContainerItemProxy section */
		DB6B2DB82E8B365B00687F13 /* PBXContainerItemProxy */ = {
			isa = PBXContainerItemProxy;
			containerPortal = DB6B2DA22E8B365A00687F13 /* Project object */;
			proxyType = 1;
			remoteGlobalIDString = DB6B2DA92E8B365A00687F13;
			remoteInfo = Veer;
		};
		DB6B2DC22E8B365B00687F13 /* PBXContainerItemProxy */ = {
			isa = PBXContainerItemProxy;
			containerPortal = DB6B2DA22E8B365A00687F13 /* Project object */;
			proxyType = 1;
			remoteGlobalIDString = DB6B2DA92E8B365A00687F13;
			remoteInfo = Veer;
		};
/* End PBXContainerItemProxy section */

/* Begin PBXFileReference section */
		DB6B2DAA2E8B365A00687F13 /* Veer.app */ = {isa = PBXFileReference; explicitFileType = wrapper.application; includeInIndex = 0; path = Veer.app; sourceTree = BUILT_PRODUCTS_DIR; };
		DB6B2DB72E8B365B00687F13 /* VeerTests.xctest */ = {isa = PBXFileReference; explicitFileType = wrapper.cfbundle; includeInIndex = 0; path = VeerTests.xctest; sourceTree = BUILT_PRODUCTS_DIR; };
		DB6B2DC12E8B365B00687F13 /* VeerUITests.xctest */ = {isa = PBXFileReference; explicitFileType = wrapper.cfbundle; includeInIndex = 0; path = VeerUITests.xctest; sourceTree = BUILT_PRODUCTS_DIR; };
/* End PBXFileReference section */

/* Begin PBXFileSystemSynchronizedRootGroup section */
		DB6B2DAC2E8B365A00687F13 /* Veer */ = {
			isa = PBXFileSystemSynchronizedRootGroup;
			path = Veer;
			sourceTree = "<group>";
		};
		DB6B2DBA2E8B365B00687F13 /* VeerTests */ = {
			isa = PBXFileSystemSynchronizedRootGroup;
			path = VeerTests;
			sourceTree = "<group>";
		};
		DB6B2DC42E8B365B00687F13 /* VeerUITests */ = {
			isa = PBXFileSystemSynchronizedRootGroup;
			path = VeerUITests;
			sourceTree = "<group>";
		};
/* End PBXFileSystemSynchronizedRootGroup section */

/* Begin PBXFrameworksBuildPhase section */
		DB6B2DA72E8B365A00687F13 /* Frameworks */ = {
			isa = PBXFrameworksBuildPhase;
			buildActionMask = 2147483647;
			files = (
				DB638F2D2E914C17000BC12A /* Supabase in Frameworks */,
				DB638F2B2E914C17000BC12A /* Storage in Frameworks */,
				DB638F272E914C17000BC12A /* PostgREST in Frameworks */,
				DB638F252E914C17000BC12A /* Functions in Frameworks */,
				DB638F232E914C17000BC12A /* Auth in Frameworks */,
				DB638F292E914C17000BC12A /* Realtime in Frameworks */,
				DB638E852E901968000BC12A /* Clerk in Frameworks */,
			);
			runOnlyForDeploymentPostprocessing = 0;
		};
		DB6B2DB42E8B365B00687F13 /* Frameworks */ = {
			isa = PBXFrameworksBuildPhase;
			buildActionMask = 2147483647;
			files = (
			);
			runOnlyForDeploymentPostprocessing = 0;
		};
		DB6B2DBE2E8B365B00687F13 /* Frameworks */ = {
			isa = PBXFrameworksBuildPhase;
			buildActionMask = 2147483647;
			files = (
			);
			runOnlyForDeploymentPostprocessing = 0;
		};
/* End PBXFrameworksBuildPhase section */

/* Begin PBXGroup section */
		DB6B2DA12E8B365A00687F13 = {
			isa = PBXGroup;
			children = (
				DB6B2DAC2E8B365A00687F13 /* Veer */,
				DB6B2DBA2E8B365B00687F13 /* VeerTests */,
				DB6B2DC42E8B365B00687F13 /* VeerUITests */,
				DB6B2DAB2E8B365A00687F13 /* Products */,
			);
			sourceTree = "<group>";
		};
		DB6B2DAB2E8B365A00687F13 /* Products */ = {
			isa = PBXGroup;
			children = (
				DB6B2DAA2E8B365A00687F13 /* Veer.app */,
				DB6B2DB72E8B365B00687F13 /* VeerTests.xctest */,
				DB6B2DC12E8B365B00687F13 /* VeerUITests.xctest */,
			);
			name = Products;
			sourceTree = "<group>";
		};
/* End PBXGroup section */

/* Begin PBXNativeTarget section */
		DB6B2DA92E8B365A00687F13 /* Veer */ = {
			isa = PBXNativeTarget;
			buildConfigurationList = DB6B2DCB2E8B365B00687F13 /* Build configuration list for PBXNativeTarget "Veer" */;
			buildPhases = (
				DB6B2DA62E8B365A00687F13 /* Sources */,
				DB6B2DA72E8B365A00687F13 /* Frameworks */,
				DB6B2DA82E8B365A00687F13 /* Resources */,
			);
			buildRules = (
			);
			dependencies = (
			);
			fileSystemSynchronizedGroups = (
				DB6B2DAC2E8B365A00687F13 /* Veer */,
			);
			name = Veer;
			packageProductDependencies = (
				DB638E682E901876000BC12A /* Clerk */,
				DB638F222E914C17000BC12A /* Auth */,
				DB638F242E914C17000BC12A /* Functions */,
				DB638F262E914C17000BC12A /* PostgREST */,
				DB638F282E914C17000BC12A /* Realtime */,
				DB638F2A2E914C17000BC12A /* Storage */,
				DB638F2C2E914C17000BC12A /* Supabase */,
			);
			productName = Veer;
			productReference = DB6B2DAA2E8B365A00687F13 /* Veer.app */;
			productType = "com.apple.product-type.application";
		};
		DB6B2DB62E8B365B00687F13 /* VeerTests */ = {
			isa = PBXNativeTarget;
			buildConfigurationList = DB6B2DCE2E8B365B00687F13 /* Build configuration list for PBXNativeTarget "VeerTests" */;
			buildPhases = (
				DB6B2DB32E8B365B00687F13 /* Sources */,
				DB6B2DB42E8B365B00687F13 /* Frameworks */,
				DB6B2DB52E8B365B00687F13 /* Resources */,
			);
			buildRules = (
			);
			dependencies = (
				DB6B2DB92E8B365B00687F13 /* PBXTargetDependency */,
			);
			fileSystemSynchronizedGroups = (
				DB6B2DBA2E8B365B00687F13 /* VeerTests */,
			);
			name = VeerTests;
			packageProductDependencies = (
			);
			productName = VeerTests;
			productReference = DB6B2DB72E8B365B00687F13 /* VeerTests.xctest */;
			productType = "com.apple.product-type.bundle.unit-test";
		};
		DB6B2DC02E8B365B00687F13 /* VeerUITests */ = {
			isa = PBXNativeTarget;
			buildConfigurationList = DB6B2DD12E8B365B00687F13 /* Build configuration list for PBXNativeTarget "VeerUITests" */;
			buildPhases = (
				DB6B2DBD2E8B365B00687F13 /* Sources */,
				DB6B2DBE2E8B365B00687F13 /* Frameworks */,
				DB6B2DBF2E8B365B00687F13 /* Resources */,
			);
			buildRules = (
			);
			dependencies = (
				DB6B2DC32E8B365B00687F13 /* PBXTargetDependency */,
			);
			fileSystemSynchronizedGroups = (
				DB6B2DC42E8B365B00687F13 /* VeerUITests */,
			);
			name = VeerUITests;
			packageProductDependencies = (
			);
			productName = VeerUITests;
			productReference = DB6B2DC12E8B365B00687F13 /* VeerUITests.xctest */;
			productType = "com.apple.product-type.bundle.ui-testing";
		};
/* End PBXNativeTarget section */

/* Begin PBXProject section */
		DB6B2DA22E8B365A00687F13 /* Project object */ = {
			isa = PBXProject;
			attributes = {
				BuildIndependentTargetsInParallel = 1;
				LastSwiftUpdateCheck = 2600;
				LastUpgradeCheck = 2600;
				TargetAttributes = {
					DB6B2DA92E8B365A00687F13 = {
						CreatedOnToolsVersion = 26.0.1;
					};
					DB6B2DB62E8B365B00687F13 = {
						CreatedOnToolsVersion = 26.0.1;
						TestTargetID = DB6B2DA92E8B365A00687F13;
					};
					DB6B2DC02E8B365B00687F13 = {
						CreatedOnToolsVersion = 26.0.1;
						TestTargetID = DB6B2DA92E8B365A00687F13;
					};
				};
			};
			buildConfigurationList = DB6B2DA52E8B365A00687F13 /* Build configuration list for PBXProject "Veer" */;
			developmentRegion = en;
			hasScannedForEncodings = 0;
			knownRegions = (
				en,
				Base,
			);
			mainGroup = DB6B2DA12E8B365A00687F13;
			minimizedProjectReferenceProxies = 1;
			packageReferences = (
				DB638E672E901876000BC12A /* XCRemoteSwiftPackageReference "clerk-ios" */,
				DB638F212E914C17000BC12A /* XCRemoteSwiftPackageReference "supabase-swift" */,
			);
			preferredProjectObjectVersion = 77;
			productRefGroup = DB6B2DAB2E8B365A00687F13 /* Products */;
			projectDirPath = "";
			projectRoot = "";
			targets = (
				DB6B2DA92E8B365A00687F13 /* Veer */,
				DB6B2DB62E8B365B00687F13 /* VeerTests */,
				DB6B2DC02E8B365B00687F13 /* VeerUITests */,
			);
		};
/* End PBXProject section */

/* Begin PBXResourcesBuildPhase section */
		DB6B2DA82E8B365A00687F13 /* Resources */ = {
			isa = PBXResourcesBuildPhase;
			buildActionMask = 2147483647;
			files = (
			);
			runOnlyForDeploymentPostprocessing = 0;
		};
		DB6B2DB52E8B365B00687F13 /* Resources */ = {
			isa = PBXResourcesBuildPhase;
			buildActionMask = 2147483647;
			files = (
			);
			runOnlyForDeploymentPostprocessing = 0;
		};
		DB6B2DBF2E8B365B00687F13 /* Resources */ = {
			isa = PBXResourcesBuildPhase;
			buildActionMask = 2147483647;
			files = (
			);
			runOnlyForDeploymentPostprocessing = 0;
		};
/* End PBXResourcesBuildPhase section */

/* Begin PBXSourcesBuildPhase section */
		DB6B2DA62E8B365A00687F13 /* Sources */ = {
			isa = PBXSourcesBuildPhase;
			buildActionMask = 2147483647;
			files = (
			);
			runOnlyForDeploymentPostprocessing = 0;
		};
		DB6B2DB32E8B365B00687F13 /* Sources */ = {
			isa = PBXSourcesBuildPhase;
			buildActionMask = 2147483647;
			files = (
			);
			runOnlyForDeploymentPostprocessing = 0;
		};
		DB6B2DBD2E8B365B00687F13 /* Sources */ = {
			isa = PBXSourcesBuildPhase;
			buildActionMask = 2147483647;
			files = (
			);
			runOnlyForDeploymentPostprocessing = 0;
		};
/* End PBXSourcesBuildPhase section */

/* Begin PBXTargetDependency section */
		DB6B2DB92E8B365B00687F13 /* PBXTargetDependency */ = {
			isa = PBXTargetDependency;
			target = DB6B2DA92E8B365A00687F13 /* Veer */;
			targetProxy = DB6B2DB82E8B365B00687F13 /* PBXContainerItemProxy */;
		};
		DB6B2DC32E8B365B00687F13 /* PBXTargetDependency */ = {
			isa = PBXTargetDependency;
			target = DB6B2DA92E8B365A00687F13 /* Veer */;
			targetProxy = DB6B2DC22E8B365B00687F13 /* PBXContainerItemProxy */;
		};
/* End PBXTargetDependency section */

/* Begin XCBuildConfiguration section */
		DB6B2DC92E8B365B00687F13 /* Debug */ = {
			isa = XCBuildConfiguration;
			buildSettings = {
				ALWAYS_SEARCH_USER_PATHS = NO;
				ASSETCATALOG_COMPILER_GENERATE_SWIFT_ASSET_SYMBOL_EXTENSIONS = YES;
				CLANG_ANALYZER_NONNULL = YES;
				CLANG_ANALYZER_NUMBER_OBJECT_CONVERSION = YES_AGGRESSIVE;
				CLANG_CXX_LANGUAGE_STANDARD = "gnu++20";
				CLANG_ENABLE_MODULES = YES;
				CLANG_ENABLE_OBJC_ARC = YES;
				CLANG_ENABLE_OBJC_WEAK = YES;
				CLANG_WARN_BLOCK_CAPTURE_AUTORELEASING = YES;
				CLANG_WARN_BOOL_CONVERSION = YES;
				CLANG_WARN_COMMA = YES;
				CLANG_WARN_CONSTANT_CONVERSION = YES;
				CLANG_WARN_DEPRECATED_OBJC_IMPLEMENTATIONS = YES;
				CLANG_WARN_DIRECT_OBJC_ISA_USAGE = YES_ERROR;
				CLANG_WARN_DOCUMENTATION_COMMENTS = YES;
				CLANG_WARN_EMPTY_BODY = YES;
				CLANG_WARN_ENUM_CONVERSION = YES;
				CLANG_WARN_INFINITE_RECURSION = YES;
				CLANG_WARN_INT_CONVERSION = YES;
				CLANG_WARN_NON_LITERAL_NULL_CONVERSION = YES;
				CLANG_WARN_OBJC_IMPLICIT_RETAIN_SELF = YES;
				CLANG_WARN_OBJC_LITERAL_CONVERSION = YES;
				CLANG_WARN_OBJC_ROOT_CLASS = YES_ERROR;
				CLANG_WARN_QUOTED_INCLUDE_IN_FRAMEWORK_HEADER = YES;
				CLANG_WARN_RANGE_LOOP_ANALYSIS = YES;
				CLANG_WARN_STRICT_PROTOTYPES = YES;
				CLANG_WARN_SUSPICIOUS_MOVE = YES;
				CLANG_WARN_UNGUARDED_AVAILABILITY = YES_AGGRESSIVE;
				CLANG_WARN_UNREACHABLE_CODE = YES;
				CLANG_WARN__DUPLICATE_METHOD_MATCH = YES;
				COPY_PHASE_STRIP = NO;
				DEBUG_INFORMATION_FORMAT = dwarf;
				DEVELOPMENT_TEAM = FD6FB4MT24;
				ENABLE_STRICT_OBJC_MSGSEND = YES;
				ENABLE_TESTABILITY = YES;
				ENABLE_USER_SCRIPT_SANDBOXING = YES;
				GCC_C_LANGUAGE_STANDARD = gnu17;
				GCC_DYNAMIC_NO_PIC = NO;
				GCC_NO_COMMON_BLOCKS = YES;
				GCC_OPTIMIZATION_LEVEL = 0;
				GCC_PREPROCESSOR_DEFINITIONS = (
					"DEBUG=1",
					"$(inherited)",
				);
				GCC_WARN_64_TO_32_BIT_CONVERSION = YES;
				GCC_WARN_ABOUT_RETURN_TYPE = YES_ERROR;
				GCC_WARN_UNDECLARED_SELECTOR = YES;
				GCC_WARN_UNINITIALIZED_AUTOS = YES_AGGRESSIVE;
				GCC_WARN_UNUSED_FUNCTION = YES;
				GCC_WARN_UNUSED_VARIABLE = YES;
				IPHONEOS_DEPLOYMENT_TARGET = 26.0;
				LOCALIZATION_PREFERS_STRING_CATALOGS = YES;
				MTL_ENABLE_DEBUG_INFO = INCLUDE_SOURCE;
				MTL_FAST_MATH = YES;
				ONLY_ACTIVE_ARCH = YES;
				SDKROOT = iphoneos;
				SWIFT_ACTIVE_COMPILATION_CONDITIONS = "DEBUG $(inherited)";
				SWIFT_OPTIMIZATION_LEVEL = "-Onone";
			};
			name = Debug;
		};
		DB6B2DCA2E8B365B00687F13 /* Release */ = {
			isa = XCBuildConfiguration;
			buildSettings = {
				ALWAYS_SEARCH_USER_PATHS = NO;
				ASSETCATALOG_COMPILER_GENERATE_SWIFT_ASSET_SYMBOL_EXTENSIONS = YES;
				CLANG_ANALYZER_NONNULL = YES;
				CLANG_ANALYZER_NUMBER_OBJECT_CONVERSION = YES_AGGRESSIVE;
				CLANG_CXX_LANGUAGE_STANDARD = "gnu++20";
				CLANG_ENABLE_MODULES = YES;
				CLANG_ENABLE_OBJC_ARC = YES;
				CLANG_ENABLE_OBJC_WEAK = YES;
				CLANG_WARN_BLOCK_CAPTURE_AUTORELEASING = YES;
				CLANG_WARN_BOOL_CONVERSION = YES;
				CLANG_WARN_COMMA = YES;
				CLANG_WARN_CONSTANT_CONVERSION = YES;
				CLANG_WARN_DEPRECATED_OBJC_IMPLEMENTATIONS = YES;
				CLANG_WARN_DIRECT_OBJC_ISA_USAGE = YES_ERROR;
				CLANG_WARN_DOCUMENTATION_COMMENTS = YES;
				CLANG_WARN_EMPTY_BODY = YES;
				CLANG_WARN_ENUM_CONVERSION = YES;
				CLANG_WARN_INFINITE_RECURSION = YES;
				CLANG_WARN_INT_CONVERSION = YES;
				CLANG_WARN_NON_LITERAL_NULL_CONVERSION = YES;
				CLANG_WARN_OBJC_IMPLICIT_RETAIN_SELF = YES;
				CLANG_WARN_OBJC_LITERAL_CONVERSION = YES;
				CLANG_WARN_OBJC_ROOT_CLASS = YES_ERROR;
				CLANG_WARN_QUOTED_INCLUDE_IN_FRAMEWORK_HEADER = YES;
				CLANG_WARN_RANGE_LOOP_ANALYSIS = YES;
				CLANG_WARN_STRICT_PROTOTYPES = YES;
				CLANG_WARN_SUSPICIOUS_MOVE = YES;
				CLANG_WARN_UNGUARDED_AVAILABILITY = YES_AGGRESSIVE;
				CLANG_WARN_UNREACHABLE_CODE = YES;
				CLANG_WARN__DUPLICATE_METHOD_MATCH = YES;
				COPY_PHASE_STRIP = NO;
				DEBUG_INFORMATION_FORMAT = "dwarf-with-dsym";
				DEVELOPMENT_TEAM = FD6FB4MT24;
				ENABLE_NS_ASSERTIONS = NO;
				ENABLE_STRICT_OBJC_MSGSEND = YES;
				ENABLE_USER_SCRIPT_SANDBOXING = YES;
				GCC_C_LANGUAGE_STANDARD = gnu17;
				GCC_NO_COMMON_BLOCKS = YES;
				GCC_WARN_64_TO_32_BIT_CONVERSION = YES;
				GCC_WARN_ABOUT_RETURN_TYPE = YES_ERROR;
				GCC_WARN_UNDECLARED_SELECTOR = YES;
				GCC_WARN_UNINITIALIZED_AUTOS = YES_AGGRESSIVE;
				GCC_WARN_UNUSED_FUNCTION = YES;
				GCC_WARN_UNUSED_VARIABLE = YES;
				IPHONEOS_DEPLOYMENT_TARGET = 26.0;
				LOCALIZATION_PREFERS_STRING_CATALOGS = YES;
				MTL_ENABLE_DEBUG_INFO = NO;
				MTL_FAST_MATH = YES;
				SDKROOT = iphoneos;
				SWIFT_COMPILATION_MODE = wholemodule;
				VALIDATE_PRODUCT = YES;
			};
			name = Release;
		};
		DB6B2DCC2E8B365B00687F13 /* Debug */ = {
			isa = XCBuildConfiguration;
			buildSettings = {
				ASSETCATALOG_COMPILER_APPICON_NAME = AppIcon;
				ASSETCATALOG_COMPILER_GLOBAL_ACCENT_COLOR_NAME = AccentColor;
				CODE_SIGN_STYLE = Automatic;
				CURRENT_PROJECT_VERSION = 1;
				DEVELOPMENT_TEAM = FD6FB4MT24;
				ENABLE_PREVIEWS = YES;
				GENERATE_INFOPLIST_FILE = YES;
				INFOPLIST_KEY_NSCameraUsageDescription = "This app needs access to camera to capture photos and videos.";
				INFOPLIST_KEY_NSPhotoLibraryUsageDescription = "This app needs access to photo library to save and view captured photos.";
				INFOPLIST_KEY_UIApplicationSceneManifest_Generation = YES;
				INFOPLIST_KEY_UIApplicationSupportsIndirectInputEvents = YES;
				INFOPLIST_KEY_UILaunchScreen_Generation = YES;
				INFOPLIST_KEY_UISupportedInterfaceOrientations_iPad = "UIInterfaceOrientationPortrait UIInterfaceOrientationPortraitUpsideDown UIInterfaceOrientationLandscapeLeft UIInterfaceOrientationLandscapeRight";
				INFOPLIST_KEY_UISupportedInterfaceOrientations_iPhone = "UIInterfaceOrientationPortrait UIInterfaceOrientationLandscapeLeft UIInterfaceOrientationLandscapeRight";
				LD_RUNPATH_SEARCH_PATHS = (
					"$(inherited)",
					"@executable_path/Frameworks",
				);
				MARKETING_VERSION = 1.0;
				PRODUCT_BUNDLE_IDENTIFIER = "Parwez-Amini.Veer";
				PRODUCT_NAME = "$(TARGET_NAME)";
				STRING_CATALOG_GENERATE_SYMBOLS = YES;
				SWIFT_APPROACHABLE_CONCURRENCY = YES;
				SWIFT_DEFAULT_ACTOR_ISOLATION = MainActor;
				SWIFT_EMIT_LOC_STRINGS = YES;
				SWIFT_UPCOMING_FEATURE_MEMBER_IMPORT_VISIBILITY = YES;
				SWIFT_VERSION = 5.0;
				TARGETED_DEVICE_FAMILY = "1,2";
			};
			name = Debug;
		};
		DB6B2DCD2E8B365B00687F13 /* Release */ = {
			isa = XCBuildConfiguration;
			buildSettings = {
				ASSETCATALOG_COMPILER_APPICON_NAME = AppIcon;
				ASSETCATALOG_COMPILER_GLOBAL_ACCENT_COLOR_NAME = AccentColor;
				CODE_SIGN_STYLE = Automatic;
				CURRENT_PROJECT_VERSION = 1;
				DEVELOPMENT_TEAM = FD6FB4MT24;
				ENABLE_PREVIEWS = YES;
				GENERATE_INFOPLIST_FILE = YES;
				INFOPLIST_KEY_NSCameraUsageDescription = "This app needs access to camera to capture photos and videos.";
				INFOPLIST_KEY_NSPhotoLibraryUsageDescription = "This app needs access to photo library to save and view captured photos.";
				INFOPLIST_KEY_UIApplicationSceneManifest_Generation = YES;
				INFOPLIST_KEY_UIApplicationSupportsIndirectInputEvents = YES;
				INFOPLIST_KEY_UILaunchScreen_Generation = YES;
				INFOPLIST_KEY_UISupportedInterfaceOrientations_iPad = "UIInterfaceOrientationPortrait UIInterfaceOrientationPortraitUpsideDown UIInterfaceOrientationLandscapeLeft UIInterfaceOrientationLandscapeRight";
				INFOPLIST_KEY_UISupportedInterfaceOrientations_iPhone = "UIInterfaceOrientationPortrait UIInterfaceOrientationLandscapeLeft UIInterfaceOrientationLandscapeRight";
				LD_RUNPATH_SEARCH_PATHS = (
					"$(inherited)",
					"@executable_path/Frameworks",
				);
				MARKETING_VERSION = 1.0;
				PRODUCT_BUNDLE_IDENTIFIER = "Parwez-Amini.Veer";
				PRODUCT_NAME = "$(TARGET_NAME)";
				STRING_CATALOG_GENERATE_SYMBOLS = YES;
				SWIFT_APPROACHABLE_CONCURRENCY = YES;
				SWIFT_DEFAULT_ACTOR_ISOLATION = MainActor;
				SWIFT_EMIT_LOC_STRINGS = YES;
				SWIFT_UPCOMING_FEATURE_MEMBER_IMPORT_VISIBILITY = YES;
				SWIFT_VERSION = 5.0;
				TARGETED_DEVICE_FAMILY = "1,2";
			};
			name = Release;
		};
		DB6B2DCF2E8B365B00687F13 /* Debug */ = {
			isa = XCBuildConfiguration;
			buildSettings = {
				BUNDLE_LOADER = "$(TEST_HOST)";
				CODE_SIGN_STYLE = Automatic;
				CURRENT_PROJECT_VERSION = 1;
				DEVELOPMENT_TEAM = FD6FB4MT24;
				GENERATE_INFOPLIST_FILE = YES;
				IPHONEOS_DEPLOYMENT_TARGET = 26.0;
				MARKETING_VERSION = 1.0;
				PRODUCT_BUNDLE_IDENTIFIER = "Parwez-Amini.VeerTests";
				PRODUCT_NAME = "$(TARGET_NAME)";
				STRING_CATALOG_GENERATE_SYMBOLS = NO;
				SWIFT_APPROACHABLE_CONCURRENCY = YES;
				SWIFT_EMIT_LOC_STRINGS = NO;
				SWIFT_UPCOMING_FEATURE_MEMBER_IMPORT_VISIBILITY = YES;
				SWIFT_VERSION = 5.0;
				TARGETED_DEVICE_FAMILY = "1,2";
				TEST_HOST = "$(BUILT_PRODUCTS_DIR)/Veer.app/$(BUNDLE_EXECUTABLE_FOLDER_PATH)/Veer";
			};
			name = Debug;
		};
		DB6B2DD02E8B365B00687F13 /* Release */ = {
			isa = XCBuildConfiguration;
			buildSettings = {
				BUNDLE_LOADER = "$(TEST_HOST)";
				CODE_SIGN_STYLE = Automatic;
				CURRENT_PROJECT_VERSION = 1;
				DEVELOPMENT_TEAM = FD6FB4MT24;
				GENERATE_INFOPLIST_FILE = YES;
				IPHONEOS_DEPLOYMENT_TARGET = 26.0;
				MARKETING_VERSION = 1.0;
				PRODUCT_BUNDLE_IDENTIFIER = "Parwez-Amini.VeerTests";
				PRODUCT_NAME = "$(TARGET_NAME)";
				STRING_CATALOG_GENERATE_SYMBOLS = NO;
				SWIFT_APPROACHABLE_CONCURRENCY = YES;
				SWIFT_EMIT_LOC_STRINGS = NO;
				SWIFT_UPCOMING_FEATURE_MEMBER_IMPORT_VISIBILITY = YES;
				SWIFT_VERSION = 5.0;
				TARGETED_DEVICE_FAMILY = "1,2";
				TEST_HOST = "$(BUILT_PRODUCTS_DIR)/Veer.app/$(BUNDLE_EXECUTABLE_FOLDER_PATH)/Veer";
			};
			name = Release;
		};
		DB6B2DD22E8B365B00687F13 /* Debug */ = {
			isa = XCBuildConfiguration;
			buildSettings = {
				CODE_SIGN_STYLE = Automatic;
				CURRENT_PROJECT_VERSION = 1;
				DEVELOPMENT_TEAM = FD6FB4MT24;
				GENERATE_INFOPLIST_FILE = YES;
				MARKETING_VERSION = 1.0;
				PRODUCT_BUNDLE_IDENTIFIER = "Parwez-Amini.VeerUITests";
				PRODUCT_NAME = "$(TARGET_NAME)";
				STRING_CATALOG_GENERATE_SYMBOLS = NO;
				SWIFT_APPROACHABLE_CONCURRENCY = YES;
				SWIFT_EMIT_LOC_STRINGS = NO;
				SWIFT_UPCOMING_FEATURE_MEMBER_IMPORT_VISIBILITY = YES;
				SWIFT_VERSION = 5.0;
				TARGETED_DEVICE_FAMILY = "1,2";
				TEST_TARGET_NAME = Veer;
			};
			name = Debug;
		};
		DB6B2DD32E8B365B00687F13 /* Release */ = {
			isa = XCBuildConfiguration;
			buildSettings = {
				CODE_SIGN_STYLE = Automatic;
				CURRENT_PROJECT_VERSION = 1;
				DEVELOPMENT_TEAM = FD6FB4MT24;
				GENERATE_INFOPLIST_FILE = YES;
				MARKETING_VERSION = 1.0;
				PRODUCT_BUNDLE_IDENTIFIER = "Parwez-Amini.VeerUITests";
				PRODUCT_NAME = "$(TARGET_NAME)";
				STRING_CATALOG_GENERATE_SYMBOLS = NO;
				SWIFT_APPROACHABLE_CONCURRENCY = YES;
				SWIFT_EMIT_LOC_STRINGS = NO;
				SWIFT_UPCOMING_FEATURE_MEMBER_IMPORT_VISIBILITY = YES;
				SWIFT_VERSION = 5.0;
				TARGETED_DEVICE_FAMILY = "1,2";
				TEST_TARGET_NAME = Veer;
			};
			name = Release;
		};
/* End XCBuildConfiguration section */

/* Begin XCConfigurationList section */
		DB6B2DA52E8B365A00687F13 /* Build configuration list for PBXProject "Veer" */ = {
			isa = XCConfigurationList;
			buildConfigurations = (
				DB6B2DC92E8B365B00687F13 /* Debug */,
				DB6B2DCA2E8B365B00687F13 /* Release */,
			);
			defaultConfigurationIsVisible = 0;
			defaultConfigurationName = Release;
		};
		DB6B2DCB2E8B365B00687F13 /* Build configuration list for PBXNativeTarget "Veer" */ = {
			isa = XCConfigurationList;
			buildConfigurations = (
				DB6B2DCC2E8B365B00687F13 /* Debug */,
				DB6B2DCD2E8B365B00687F13 /* Release */,
			);
			defaultConfigurationIsVisible = 0;
			defaultConfigurationName = Release;
		};
		DB6B2DCE2E8B365B00687F13 /* Build configuration list for PBXNativeTarget "VeerTests" */ = {
			isa = XCConfigurationList;
			buildConfigurations = (
				DB6B2DCF2E8B365B00687F13 /* Debug */,
				DB6B2DD02E8B365B00687F13 /* Release */,
			);
			defaultConfigurationIsVisible = 0;
			defaultConfigurationName = Release;
		};
		DB6B2DD12E8B365B00687F13 /* Build configuration list for PBXNativeTarget "VeerUITests" */ = {
			isa = XCConfigurationList;
			buildConfigurations = (
				DB6B2DD22E8B365B00687F13 /* Debug */,
				DB6B2DD32E8B365B00687F13 /* Release */,
			);
			defaultConfigurationIsVisible = 0;
			defaultConfigurationName = Release;
		};
/* End XCConfigurationList section */

/* Begin XCRemoteSwiftPackageReference section */
		DB638E672E901876000BC12A /* XCRemoteSwiftPackageReference "clerk-ios" */ = {
			isa = XCRemoteSwiftPackageReference;
			repositoryURL = "https://github.com/clerk/clerk-ios";
			requirement = {
				kind = upToNextMajorVersion;
				minimumVersion = 0.68.1;
			};
		};
		DB638F212E914C17000BC12A /* XCRemoteSwiftPackageReference "supabase-swift" */ = {
			isa = XCRemoteSwiftPackageReference;
			repositoryURL = "https://github.com/supabase-community/supabase-swift.git";
			requirement = {
				kind = upToNextMajorVersion;
				minimumVersion = 2.5.1;
			};
		};
/* End XCRemoteSwiftPackageReference section */

/* Begin XCSwiftPackageProductDependency section */
		DB638E682E901876000BC12A /* Clerk */ = {
			isa = XCSwiftPackageProductDependency;
			package = DB638E672E901876000BC12A /* XCRemoteSwiftPackageReference "clerk-ios" */;
			productName = Clerk;
		};
		DB638F222E914C17000BC12A /* Auth */ = {
			isa = XCSwiftPackageProductDependency;
			package = DB638F212E914C17000BC12A /* XCRemoteSwiftPackageReference "supabase-swift" */;
			productName = Auth;
		};
		DB638F242E914C17000BC12A /* Functions */ = {
			isa = XCSwiftPackageProductDependency;
			package = DB638F212E914C17000BC12A /* XCRemoteSwiftPackageReference "supabase-swift" */;
			productName = Functions;
		};
		DB638F262E914C17000BC12A /* PostgREST */ = {
			isa = XCSwiftPackageProductDependency;
			package = DB638F212E914C17000BC12A /* XCRemoteSwiftPackageReference "supabase-swift" */;
			productName = PostgREST;
		};
		DB638F282E914C17000BC12A /* Realtime */ = {
			isa = XCSwiftPackageProductDependency;
			package = DB638F212E914C17000BC12A /* XCRemoteSwiftPackageReference "supabase-swift" */;
			productName = Realtime;
		};
		DB638F2A2E914C17000BC12A /* Storage */ = {
			isa = XCSwiftPackageProductDependency;
			package = DB638F212E914C17000BC12A /* XCRemoteSwiftPackageReference "supabase-swift" */;
			productName = Storage;
		};
		DB638F2C2E914C17000BC12A /* Supabase */ = {
			isa = XCSwiftPackageProductDependency;
			package = DB638F212E914C17000BC12A /* XCRemoteSwiftPackageReference "supabase-swift" */;
			productName = Supabase;
		};
/* End XCSwiftPackageProductDependency section */
	};
	rootObject = DB6B2DA22E8B365A00687F13 /* Project object */;
}
